{
  "requires": true,
  "lockfileVersion": 1,
  "dependencies": {
    "diagram-library": {
      "version": "3.5.7",
      "resolved": "https://registry.npmjs.org/diagram-library/-/diagram-library-3.5.7.tgz",
      "integrity": "sha512-jmXavGZiOSo1/Tx/crKd8qt+LHumj+7aeYSF7rnTDb48GGCgxM3jxhmddMG3LVjZ60ZslH7bnAPEZ66tq7SLDA==",
      "requires": {
        "mindfusion-common": "^1.2.6"
      }
    },
    "diagram-library-react": {
      "version": "1.0.0",
      "resolved": "https://registry.npmjs.org/diagram-library-react/-/diagram-library-react-1.0.0.tgz",
      "integrity": "sha512-V/9GCpsD1xQnz/j64jD/th3iozqbh6smJ0YlAS0LlpoP35BRy4dq1+P5FJm9uhE8kJvpjUM5aU6p/PgdY/3vLQ==",
      "requires": {
        "diagram-library": "^3.4.1"
      }
    },
    "mindfusion-common": {
      "version": "1.2.6",
      "resolved": "https://registry.npmjs.org/mindfusion-common/-/mindfusion-common-1.2.6.tgz",
      "integrity": "sha512-+A6HhDDHRssSVMqfP38nXW7g62h6M2H4cdu4+V/7exYAaeKAdKNLc2mZhDKuOvGK7SZbT3id4e78GiNPO9IBCg=="
    }
  }
}
